
Microsoft Visual Studio Solution File, Format Version 12.00
# Visual Studio Version 17
VisualStudioVersion = 17.14.36429.23 d17.14
MinimumVisualStudioVersion = 10.0.40219.1
Project("{FAE04EC0-301F-11D3-BF4B-00C04F79EFBC}") = "PR1_Elasticsearch", "PR1_Elasticsearch.csproj", "{575E4825-8378-4810-BC41-A9ACED68D2D0}"
EndProject
Global
	GlobalSection(SolutionConfigurationPlatforms) = preSolution
		Debug|Any CPU = Debug|Any CPU
		Release|Any CPU = Release|Any CPU
	EndGlobalSection
	GlobalSection(ProjectConfigurationPlatforms) = postSolution
		{575E4825-8378-4810-BC41-A9ACED68D2D0}.Debug|Any CPU.ActiveCfg = Debug|Any CPU
		{575E4825-8378-4810-BC41-A9ACED68D2D0}.Debug|Any CPU.Build.0 = Debug|Any CPU
		{575E4825-8378-4810-BC41-A9ACED68D2D0}.Release|Any CPU.ActiveCfg = Release|Any CPU
		{575E4825-8378-4810-BC41-A9ACED68D2D0}.Release|Any CPU.Build.0 = Release|Any CPU
	EndGlobalSection
	GlobalSection(SolutionProperties) = preSolution
		HideSolutionNode = FALSE
	EndGlobalSection
	GlobalSection(ExtensibilityGlobals) = postSolution
		SolutionGuid = {7444CA20-C7F3-41C7-BDD5-9A7DB45F880A}
	EndGlobalSection
EndGlobal
